
Microsoft Visual Studio Solution File, Format Version 12.00
# Visual Studio 2012
Project("{FAE04EC0-301F-11D3-BF4B-00C04F79EFBC}") = "ForeingEchange2", "ForeingEchange2\ForeingEchange2.csproj", "{0750B98E-DCAA-422A-B40A-D3AD85387E7E}"
EndProject
Project("{FAE04EC0-301F-11D3-BF4B-00C04F79EFBC}") = "ForeingEchange2.iOS", "iOS\ForeingEchange2.iOS.csproj", "{77F3C785-1A14-4762-A727-E1DFEF3A4C15}"
EndProject
Project("{FAE04EC0-301F-11D3-BF4B-00C04F79EFBC}") = "ForeingEchange2.Droid", "Droid\ForeingEchange2.Droid.csproj", "{30FF9904-F547-488B-AA29-B9C9462EE7A9}"
EndProject
Global
	GlobalSection(SolutionConfigurationPlatforms) = preSolution
		Debug|Any CPU = Debug|Any CPU
		Release|Any CPU = Release|Any CPU
		Debug|iPhoneSimulator = Debug|iPhoneSimulator
		Release|iPhone = Release|iPhone
		Release|iPhoneSimulator = Release|iPhoneSimulator
		Debug|iPhone = Debug|iPhone
	EndGlobalSection
	GlobalSection(ProjectConfigurationPlatforms) = postSolution
		{0750B98E-DCAA-422A-B40A-D3AD85387E7E}.Debug|Any CPU.ActiveCfg = Debug|Any CPU
		{0750B98E-DCAA-422A-B40A-D3AD85387E7E}.Debug|Any CPU.Build.0 = Debug|Any CPU
		{0750B98E-DCAA-422A-B40A-D3AD85387E7E}.Release|Any CPU.ActiveCfg = Release|Any CPU
		{0750B98E-DCAA-422A-B40A-D3AD85387E7E}.Release|Any CPU.Build.0 = Release|Any CPU
		{0750B98E-DCAA-422A-B40A-D3AD85387E7E}.Debug|iPhoneSimulator.ActiveCfg = Debug|Any CPU
		{0750B98E-DCAA-422A-B40A-D3AD85387E7E}.Debug|iPhoneSimulator.Build.0 = Debug|Any CPU
		{0750B98E-DCAA-422A-B40A-D3AD85387E7E}.Release|iPhone.ActiveCfg = Release|Any CPU
		{0750B98E-DCAA-422A-B40A-D3AD85387E7E}.Release|iPhone.Build.0 = Release|Any CPU
		{0750B98E-DCAA-422A-B40A-D3AD85387E7E}.Release|iPhoneSimulator.ActiveCfg = Release|Any CPU
		{0750B98E-DCAA-422A-B40A-D3AD85387E7E}.Release|iPhoneSimulator.Build.0 = Release|Any CPU
		{0750B98E-DCAA-422A-B40A-D3AD85387E7E}.Debug|iPhone.ActiveCfg = Debug|Any CPU
		{0750B98E-DCAA-422A-B40A-D3AD85387E7E}.Debug|iPhone.Build.0 = Debug|Any CPU
		{77F3C785-1A14-4762-A727-E1DFEF3A4C15}.Debug|Any CPU.ActiveCfg = Debug|iPhoneSimulator
		{77F3C785-1A14-4762-A727-E1DFEF3A4C15}.Debug|Any CPU.Build.0 = Debug|iPhoneSimulator
		{77F3C785-1A14-4762-A727-E1DFEF3A4C15}.Release|Any CPU.ActiveCfg = Release|iPhone
		{77F3C785-1A14-4762-A727-E1DFEF3A4C15}.Release|Any CPU.Build.0 = Release|iPhone
		{77F3C785-1A14-4762-A727-E1DFEF3A4C15}.Debug|iPhoneSimulator.ActiveCfg = Debug|iPhoneSimulator
		{77F3C785-1A14-4762-A727-E1DFEF3A4C15}.Debug|iPhoneSimulator.Build.0 = Debug|iPhoneSimulator
		{77F3C785-1A14-4762-A727-E1DFEF3A4C15}.Release|iPhone.ActiveCfg = Release|iPhone
		{77F3C785-1A14-4762-A727-E1DFEF3A4C15}.Release|iPhone.Build.0 = Release|iPhone
		{77F3C785-1A14-4762-A727-E1DFEF3A4C15}.Release|iPhoneSimulator.ActiveCfg = Release|iPhoneSimulator
		{77F3C785-1A14-4762-A727-E1DFEF3A4C15}.Release|iPhoneSimulator.Build.0 = Release|iPhoneSimulator
		{77F3C785-1A14-4762-A727-E1DFEF3A4C15}.Debug|iPhone.ActiveCfg = Debug|iPhone
		{77F3C785-1A14-4762-A727-E1DFEF3A4C15}.Debug|iPhone.Build.0 = Debug|iPhone
		{30FF9904-F547-488B-AA29-B9C9462EE7A9}.Debug|Any CPU.ActiveCfg = Debug|Any CPU
		{30FF9904-F547-488B-AA29-B9C9462EE7A9}.Debug|Any CPU.Build.0 = Debug|Any CPU
		{30FF9904-F547-488B-AA29-B9C9462EE7A9}.Release|Any CPU.ActiveCfg = Release|Any CPU
		{30FF9904-F547-488B-AA29-B9C9462EE7A9}.Release|Any CPU.Build.0 = Release|Any CPU
		{30FF9904-F547-488B-AA29-B9C9462EE7A9}.Debug|iPhoneSimulator.ActiveCfg = Debug|Any CPU
		{30FF9904-F547-488B-AA29-B9C9462EE7A9}.Debug|iPhoneSimulator.Build.0 = Debug|Any CPU
		{30FF9904-F547-488B-AA29-B9C9462EE7A9}.Release|iPhone.ActiveCfg = Release|Any CPU
		{30FF9904-F547-488B-AA29-B9C9462EE7A9}.Release|iPhone.Build.0 = Release|Any CPU
		{30FF9904-F547-488B-AA29-B9C9462EE7A9}.Release|iPhoneSimulator.ActiveCfg = Release|Any CPU
		{30FF9904-F547-488B-AA29-B9C9462EE7A9}.Release|iPhoneSimulator.Build.0 = Release|Any CPU
		{30FF9904-F547-488B-AA29-B9C9462EE7A9}.Debug|iPhone.ActiveCfg = Debug|Any CPU
		{30FF9904-F547-488B-AA29-B9C9462EE7A9}.Debug|iPhone.Build.0 = Debug|Any CPU
	EndGlobalSection
EndGlobal
